Microsoft Visual Studio Solution File, Format Version 12.00
# Visual Studio 15
VisualStudioVersion = 15.0.27004.2009
MinimumVisualStudioVersion = 10.0.40219.1
Project("{FAE04EC0-301F-11D3-BF4B-00C04F79EFBC}") = "AspDashboard_SalesDetails", "AspDashboard_SalesDetails\AspDashboard_SalesDetails.csproj", "{BEE1BA9D-8D8E-4045-AA23-19F1D6AE636B}"
EndProject
Global
	GlobalSection(SolutionConfigurationPlatforms) = preSolution
		Debug|Any CPU = Debug|Any CPU
		Release|Any CPU = Release|Any CPU
	EndGlobalSection
	GlobalSection(ProjectConfigurationPlatforms) = postSolution
		{BEE1BA9D-8D8E-4045-AA23-19F1D6AE636B}.Debug|Any CPU.ActiveCfg = Debug|Any CPU
		{BEE1BA9D-8D8E-4045-AA23-19F1D6AE636B}.Debug|Any CPU.Build.0 = Debug|Any CPU
		{BEE1BA9D-8D8E-4045-AA23-19F1D6AE636B}.Release|Any CPU.ActiveCfg = Release|Any CPU
		{BEE1BA9D-8D8E-4045-AA23-19F1D6AE636B}.Release|Any CPU.Build.0 = Release|Any CPU
	EndGlobalSection
	GlobalSection(SolutionProperties) = preSolution
		HideSolutionNode = FALSE
	EndGlobalSection
	GlobalSection(ExtensibilityGlobals) = postSolution
		SolutionGuid = {32C26D58-5E5C-49B9-AB45-C7599C915E0C}
	EndGlobalSection
EndGlobal
